
Microsoft Visual Studio Solution File, Format Version 12.00
# Visual Studio Version 17
VisualStudioVersion = 17.8.34511.84
MinimumVisualStudioVersion = 10.0.40219.1
Project("{FAE04EC0-301F-11D3-BF4B-00C04F79EFBC}") = "Game", "Game\Game.csproj", "{DB9D5163-9960-4A55-BCAA-370E74DF6B30}"
EndProject
Global
	GlobalSection(SolutionConfigurationPlatforms) = preSolution
		Debug|Any CPU = Debug|Any CPU
		Release|Any CPU = Release|Any CPU
	EndGlobalSection
	GlobalSection(ProjectConfigurationPlatforms) = postSolution
		{DB9D5163-9960-4A55-BCAA-370E74DF6B30}.Debug|Any CPU.ActiveCfg = Debug|Any CPU
		{DB9D5163-9960-4A55-BCAA-370E74DF6B30}.Debug|Any CPU.Build.0 = Debug|Any CPU
		{DB9D5163-9960-4A55-BCAA-370E74DF6B30}.Release|Any CPU.ActiveCfg = Release|Any CPU
		{DB9D5163-9960-4A55-BCAA-370E74DF6B30}.Release|Any CPU.Build.0 = Release|Any CPU
	EndGlobalSection
	GlobalSection(SolutionProperties) = preSolution
		HideSolutionNode = FALSE
	EndGlobalSection
	GlobalSection(ExtensibilityGlobals) = postSolution
		SolutionGuid = {DA785B2B-9E10-4A05-B6A3-0C6E3D165778}
	EndGlobalSection
EndGlobal
